// !$*UTF8*$!
{
	archiveVersion = 1;
	classes = {
	};
	objectVersion = 46;
	objects = {

/* Begin PBXBuildFile section */
		DE151E221ED95C9900F41AC7 /* ActionsheetButton.swift in Sources */ = {isa = PBXBuildFile; fileRef = DE151E211ED95C9900F41AC7 /* ActionsheetButton.swift */; };
		DE151E241ED961C800F41AC7 /* WedgetUtils.swift in Sources */ = {isa = PBXBuildFile; fileRef = DE151E231ED961C800F41AC7 /* WedgetUtils.swift */; };
		DE4202CC1DE59915003AF403 /* SegmentedView.xib in Resources */ = {isa = PBXBuildFile; fileRef = DE4202CB1DE59915003AF403 /* SegmentedView.xib */; };
		DE4202CE1DE59931003AF403 /* SegmentedView.swift in Sources */ = {isa = PBXBuildFile; fileRef = DE4202CD1DE59931003AF403 /* SegmentedView.swift */; };
		DE4202D21DE6AC3C003AF403 /* OooExtension.swift in Sources */ = {isa = PBXBuildFile; fileRef = DE4202D11DE6AC3C003AF403 /* OooExtension.swift */; };
		DE4202D41DE6C7DD003AF403 /* WedgetView.xib in Resources */ = {isa = PBXBuildFile; fileRef = DE4202D31DE6C7DD003AF403 /* WedgetView.xib */; };
		DE4202D61DE6C7FB003AF403 /* WedgetView.swift in Sources */ = {isa = PBXBuildFile; fileRef = DE4202D51DE6C7FB003AF403 /* WedgetView.swift */; };
		DE4203151DE6DF43003AF403 /* SecondVC.swift in Sources */ = {isa = PBXBuildFile; fileRef = DE4203131DE6DF43003AF403 /* SecondVC.swift */; };
		DE4203161DE6DF43003AF403 /* SecondVC.xib in Resources */ = {isa = PBXBuildFile; fileRef = DE4203141DE6DF43003AF403 /* SecondVC.xib */; };
		DE4203561DF93611003AF403 /* PresentVC.swift in Sources */ = {isa = PBXBuildFile; fileRef = DE4203551DF93611003AF403 /* PresentVC.swift */; };
		DE4203591DF93C5C003AF403 /* NewVC.swift in Sources */ = {isa = PBXBuildFile; fileRef = DE4203581DF93C5C003AF403 /* NewVC.swift */; };
		DE42035C1DF94485003AF403 /* CountryTableViewCell.swift in Sources */ = {isa = PBXBuildFile; fileRef = DE42035A1DF94485003AF403 /* CountryTableViewCell.swift */; };
		DE42035D1DF94485003AF403 /* CountryTableViewCell.xib in Resources */ = {isa = PBXBuildFile; fileRef = DE42035B1DF94485003AF403 /* CountryTableViewCell.xib */; };
		DEE576EC1DE29CA900EB1E64 /* AppDelegate.swift in Sources */ = {isa = PBXBuildFile; fileRef = DEE576EB1DE29CA900EB1E64 /* AppDelegate.swift */; };
		DEE576EE1DE29CA900EB1E64 /* ViewController.swift in Sources */ = {isa = PBXBuildFile; fileRef = DEE576ED1DE29CA900EB1E64 /* ViewController.swift */; };
		DEE576F11DE29CA900EB1E64 /* Main.storyboard in Resources */ = {isa = PBXBuildFile; fileRef = DEE576EF1DE29CA900EB1E64 /* Main.storyboard */; };
		DEE576F31DE29CA900EB1E64 /* Assets.xcassets in Resources */ = {isa = PBXBuildFile; fileRef = DEE576F21DE29CA900EB1E64 /* Assets.xcassets */; };
		DEE576F61DE29CA900EB1E64 /* LaunchScreen.storyboard in Resources */ = {isa = PBXBuildFile; fileRef = DEE576F41DE29CA900EB1E64 /* LaunchScreen.storyboard */; };
		DEE577011DE29CA900EB1E64 /* OooTests.swift in Sources */ = {isa = PBXBuildFile; fileRef = DEE577001DE29CA900EB1E64 /* OooTests.swift */; };
		DEE5770C1DE29CA900EB1E64 /* OooUITests.swift in Sources */ = {isa = PBXBuildFile; fileRef = DEE5770B1DE29CA900EB1E64 /* OooUITests.swift */; };
		DEE5771B1DE2ACAC00EB1E64 /* LeftTableViewCell.swift in Sources */ = {isa = PBXBuildFile; fileRef = DEE577191DE2ACAC00EB1E64 /* LeftTableViewCell.swift */; };
		DEE5771C1DE2ACAC00EB1E64 /* LeftTableViewCell.xib in Resources */ = {isa = PBXBuildFile; fileRef = DEE5771A1DE2ACAC00EB1E64 /* LeftTableViewCell.xib */; };
/* End PBXBuildFile section */

/* Begin PBXContainerItemProxy section */
		DEE576FD1DE29CA900EB1E64 /* PBXContainerItemProxy */ = {
			isa = PBXContainerItemProxy;
			containerPortal = DEE576E01DE29CA900EB1E64 /* Project object */;
			proxyType = 1;
			remoteGlobalIDString = DEE576E71DE29CA900EB1E64;
			remoteInfo = Ooo;
		};
		DEE577081DE29CA900EB1E64 /* PBXContainerItemProxy */ = {
			isa = PBXContainerItemProxy;
			containerPortal = DEE576E01DE29CA900EB1E64 /* Project object */;
			proxyType = 1;
			remoteGlobalIDString = DEE576E71DE29CA900EB1E64;
			remoteInfo = Ooo;
		};
/* End PBXContainerItemProxy section */

/* Begin PBXFileReference section */
		DE151E211ED95C9900F41AC7 /* ActionsheetButton.swift */ = {isa = PBXFileReference; fileEncoding = 4; lastKnownFileType = sourcecode.swift; path = ActionsheetButton.swift; sourceTree = "<group>"; };
		DE151E231ED961C800F41AC7 /* WedgetUtils.swift */ = {isa = PBXFileReference; fileEncoding = 4; lastKnownFileType = sourcecode.swift; name = WedgetUtils.swift; path = Utils/WedgetUtils.swift; sourceTree = "<group>"; };
		DE4202CB1DE59915003AF403 /* SegmentedView.xib */ = {isa = PBXFileReference; fileEncoding = 4; lastKnownFileType = file.xib; path = SegmentedView.xib; sourceTree = "<group>"; };
		DE4202CD1DE59931003AF403 /* SegmentedView.swift */ = {isa = PBXFileReference; fileEncoding = 4; lastKnownFileType = sourcecode.swift; path = SegmentedView.swift; sourceTree = "<group>"; };
		DE4202D11DE6AC3C003AF403 /* OooExtension.swift */ = {isa = PBXFileReference; fileEncoding = 4; lastKnownFileType = sourcecode.swift; name = OooExtension.swift; path = Extension/OooExtension.swift; sourceTree = "<group>"; };
		DE4202D31DE6C7DD003AF403 /* WedgetView.xib */ = {isa = PBXFileReference; fileEncoding = 4; lastKnownFileType = file.xib; path = WedgetView.xib; sourceTree = "<group>"; };
		DE4202D51DE6C7FB003AF403 /* WedgetView.swift */ = {isa = PBXFileReference; fileEncoding = 4; lastKnownFileType = sourcecode.swift; path = WedgetView.swift; sourceTree = "<group>"; };
		DE4203131DE6DF43003AF403 /* SecondVC.swift */ = {isa = PBXFileReference; fileEncoding = 4; lastKnownFileType = sourcecode.swift; path = SecondVC.swift; sourceTree = "<group>"; };
		DE4203141DE6DF43003AF403 /* SecondVC.xib */ = {isa = PBXFileReference; fileEncoding = 4; lastKnownFileType = file.xib; path = SecondVC.xib; sourceTree = "<group>"; };
		DE4203551DF93611003AF403 /* PresentVC.swift */ = {isa = PBXFileReference; fileEncoding = 4; lastKnownFileType = sourcecode.swift; path = PresentVC.swift; sourceTree = "<group>"; };
		DE4203581DF93C5C003AF403 /* NewVC.swift */ = {isa = PBXFileReference; fileEncoding = 4; lastKnownFileType = sourcecode.swift; path = NewVC.swift; sourceTree = "<group>"; };
		DE42035A1DF94485003AF403 /* CountryTableViewCell.swift */ = {isa = PBXFileReference; fileEncoding = 4; lastKnownFileType = sourcecode.swift; path = CountryTableViewCell.swift; sourceTree = "<group>"; };
		DE42035B1DF94485003AF403 /* CountryTableViewCell.xib */ = {isa = PBXFileReference; fileEncoding = 4; lastKnownFileType = file.xib; path = CountryTableViewCell.xib; sourceTree = "<group>"; };
		DEE576E81DE29CA900EB1E64 /* Ooo.app */ = {isa = PBXFileReference; explicitFileType = wrapper.application; includeInIndex = 0; path = Ooo.app; sourceTree = BUILT_PRODUCTS_DIR; };
		DEE576EB1DE29CA900EB1E64 /* AppDelegate.swift */ = {isa = PBXFileReference; lastKnownFileType = sourcecode.swift; path = AppDelegate.swift; sourceTree = "<group>"; };
		DEE576ED1DE29CA900EB1E64 /* ViewController.swift */ = {isa = PBXFileReference; lastKnownFileType = sourcecode.swift; path = ViewController.swift; sourceTree = "<group>"; };
		DEE576F01DE29CA900EB1E64 /* Base */ = {isa = PBXFileReference; lastKnownFileType = file.storyboard; name = Base; path = Base.lproj/Main.storyboard; sourceTree = "<group>"; };
		DEE576F21DE29CA900EB1E64 /* Assets.xcassets */ = {isa = PBXFileReference; lastKnownFileType = folder.assetcatalog; path = Assets.xcassets; sourceTree = "<group>"; };
		DEE576F51DE29CA900EB1E64 /* Base */ = {isa = PBXFileReference; lastKnownFileType = file.storyboard; name = Base; path = Base.lproj/LaunchScreen.storyboard; sourceTree = "<group>"; };
		DEE576F71DE29CA900EB1E64 /* Info.plist */ = {isa = PBXFileReference; lastKnownFileType = text.plist.xml; path = Info.plist; sourceTree = "<group>"; };
		DEE576FC1DE29CA900EB1E64 /* OooTests.xctest */ = {isa = PBXFileReference; explicitFileType = wrapper.cfbundle; includeInIndex = 0; path = OooTests.xctest; sourceTree = BUILT_PRODUCTS_DIR; };
		DEE577001DE29CA900EB1E64 /* OooTests.swift */ = {isa = PBXFileReference; lastKnownFileType = sourcecode.swift; path = OooTests.swift; sourceTree = "<group>"; };
		DEE577021DE29CA900EB1E64 /* Info.plist */ = {isa = PBXFileReference; lastKnownFileType = text.plist.xml; path = Info.plist; sourceTree = "<group>"; };
		DEE577071DE29CA900EB1E64 /* OooUITests.xctest */ = {isa = PBXFileReference; explicitFileType = wrapper.cfbundle; includeInIndex = 0; path = OooUITests.xctest; sourceTree = BUILT_PRODUCTS_DIR; };
		DEE5770B1DE29CA900EB1E64 /* OooUITests.swift */ = {isa = PBXFileReference; lastKnownFileType = sourcecode.swift; path = OooUITests.swift; sourceTree = "<group>"; };
		DEE5770D1DE29CA900EB1E64 /* Info.plist */ = {isa = PBXFileReference; lastKnownFileType = text.plist.xml; path = Info.plist; sourceTree = "<group>"; };
		DEE577191DE2ACAC00EB1E64 /* LeftTableViewCell.swift */ = {isa = PBXFileReference; fileEncoding = 4; lastKnownFileType = sourcecode.swift; path = LeftTableViewCell.swift; sourceTree = "<group>"; };
		DEE5771A1DE2ACAC00EB1E64 /* LeftTableViewCell.xib */ = {isa = PBXFileReference; fileEncoding = 4; lastKnownFileType = file.xib; path = LeftTableViewCell.xib; sourceTree = "<group>"; };
/* End PBXFileReference section */

/* Begin PBXFrameworksBuildPhase section */
		DEE576E51DE29CA900EB1E64 /* Frameworks */ = {
			isa = PBXFrameworksBuildPhase;
			buildActionMask = 2147483647;
			files = (
			);
			runOnlyForDeploymentPostprocessing = 0;
		};
		DEE576F91DE29CA900EB1E64 /* Frameworks */ = {
			isa = PBXFrameworksBuildPhase;
			buildActionMask = 2147483647;
			files = (
			);
			runOnlyForDeploymentPostprocessing = 0;
		};
		DEE577041DE29CA900EB1E64 /* Frameworks */ = {
			isa = PBXFrameworksBuildPhase;
			buildActionMask = 2147483647;
			files = (
			);
			runOnlyForDeploymentPostprocessing = 0;
		};
/* End PBXFrameworksBuildPhase section */

/* Begin PBXGroup section */
		DE4202CF1DE6AACD003AF403 /* Utils */ = {
			isa = PBXGroup;
			children = (
				DE151E231ED961C800F41AC7 /* WedgetUtils.swift */,
			);
			name = Utils;
			sourceTree = "<group>";
		};
		DE4202D01DE6ABB4003AF403 /* Extension */ = {
			isa = PBXGroup;
			children = (
				DE4202D11DE6AC3C003AF403 /* OooExtension.swift */,
			);
			name = Extension;
			sourceTree = "<group>";
		};
		DE4203571DF93618003AF403 /* Wedget */ = {
			isa = PBXGroup;
			children = (
				DE4203551DF93611003AF403 /* PresentVC.swift */,
				DE42035A1DF94485003AF403 /* CountryTableViewCell.swift */,
				DE42035B1DF94485003AF403 /* CountryTableViewCell.xib */,
				DE151E211ED95C9900F41AC7 /* ActionsheetButton.swift */,
			);
			name = Wedget;
			sourceTree = "<group>";
		};
		DEE576DF1DE29CA900EB1E64 = {
			isa = PBXGroup;
			children = (
				DE4203581DF93C5C003AF403 /* NewVC.swift */,
				DE4203131DE6DF43003AF403 /* SecondVC.swift */,
				DE4203141DE6DF43003AF403 /* SecondVC.xib */,
				DEE576EA1DE29CA900EB1E64 /* Ooo */,
				DEE576FF1DE29CA900EB1E64 /* OooTests */,
				DEE5770A1DE29CA900EB1E64 /* OooUITests */,
				DEE576E91DE29CA900EB1E64 /* Products */,
			);
			sourceTree = "<group>";
		};
		DEE576E91DE29CA900EB1E64 /* Products */ = {
			isa = PBXGroup;
			children = (
				DEE576E81DE29CA900EB1E64 /* Ooo.app */,
				DEE576FC1DE29CA900EB1E64 /* OooTests.xctest */,
				DEE577071DE29CA900EB1E64 /* OooUITests.xctest */,
			);
			name = Products;
			sourceTree = "<group>";
		};
		DEE576EA1DE29CA900EB1E64 /* Ooo */ = {
			isa = PBXGroup;
			children = (
				DE4203571DF93618003AF403 /* Wedget */,
				DE4202D01DE6ABB4003AF403 /* Extension */,
				DE4202CF1DE6AACD003AF403 /* Utils */,
				DEE576EB1DE29CA900EB1E64 /* AppDelegate.swift */,
				DEE576ED1DE29CA900EB1E64 /* ViewController.swift */,
				DEE576EF1DE29CA900EB1E64 /* Main.storyboard */,
				DEE576F21DE29CA900EB1E64 /* Assets.xcassets */,
				DEE576F41DE29CA900EB1E64 /* LaunchScreen.storyboard */,
				DEE576F71DE29CA900EB1E64 /* Info.plist */,
				DEE577191DE2ACAC00EB1E64 /* LeftTableViewCell.swift */,
				DEE5771A1DE2ACAC00EB1E64 /* LeftTableViewCell.xib */,
				DE4202CD1DE59931003AF403 /* SegmentedView.swift */,
				DE4202CB1DE59915003AF403 /* SegmentedView.xib */,
				DE4202D31DE6C7DD003AF403 /* WedgetView.xib */,
				DE4202D51DE6C7FB003AF403 /* WedgetView.swift */,
			);
			path = Ooo;
			sourceTree = "<group>";
		};
		DEE576FF1DE29CA900EB1E64 /* OooTests */ = {
			isa = PBXGroup;
			children = (
				DEE577001DE29CA900EB1E64 /* OooTests.swift */,
				DEE577021DE29CA900EB1E64 /* Info.plist */,
			);
			path = OooTests;
			sourceTree = "<group>";
		};
		DEE5770A1DE29CA900EB1E64 /* OooUITests */ = {
			isa = PBXGroup;
			children = (
				DEE5770B1DE29CA900EB1E64 /* OooUITests.swift */,
				DEE5770D1DE29CA900EB1E64 /* Info.plist */,
			);
			path = OooUITests;
			sourceTree = "<group>";
		};
/* End PBXGroup section */

/* Begin PBXNativeTarget section */
		DEE576E71DE29CA900EB1E64 /* Ooo */ = {
			isa = PBXNativeTarget;
			buildConfigurationList = DEE577101DE29CA900EB1E64 /* Build configuration list for PBXNativeTarget "Ooo" */;
			buildPhases = (
				DEE576E41DE29CA900EB1E64 /* Sources */,
				DEE576E51DE29CA900EB1E64 /* Frameworks */,
				DEE576E61DE29CA900EB1E64 /* Resources */,
			);
			buildRules = (
			);
			dependencies = (
			);
			name = Ooo;
			productName = Ooo;
			productReference = DEE576E81DE29CA900EB1E64 /* Ooo.app */;
			productType = "com.apple.product-type.application";
		};
		DEE576FB1DE29CA900EB1E64 /* OooTests */ = {
			isa = PBXNativeTarget;
			buildConfigurationList = DEE577131DE29CA900EB1E64 /* Build configuration list for PBXNativeTarget "OooTests" */;
			buildPhases = (
				DEE576F81DE29CA900EB1E64 /* Sources */,
				DEE576F91DE29CA900EB1E64 /* Frameworks */,
				DEE576FA1DE29CA900EB1E64 /* Resources */,
			);
			buildRules = (
			);
			dependencies = (
				DEE576FE1DE29CA900EB1E64 /* PBXTargetDependency */,
			);
			name = OooTests;
			productName = OooTests;
			productReference = DEE576FC1DE29CA900EB1E64 /* OooTests.xctest */;
			productType = "com.apple.product-type.bundle.unit-test";
		};
		DEE577061DE29CA900EB1E64 /* OooUITests */ = {
			isa = PBXNativeTarget;
			buildConfigurationList = DEE577161DE29CA900EB1E64 /* Build configuration list for PBXNativeTarget "OooUITests" */;
			buildPhases = (
				DEE577031DE29CA900EB1E64 /* Sources */,
				DEE577041DE29CA900EB1E64 /* Frameworks */,
				DEE577051DE29CA900EB1E64 /* Resources */,
			);
			buildRules = (
			);
			dependencies = (
				DEE577091DE29CA900EB1E64 /* PBXTargetDependency */,
			);
			name = OooUITests;
			productName = OooUITests;
			productReference = DEE577071DE29CA900EB1E64 /* OooUITests.xctest */;
			productType = "com.apple.product-type.bundle.ui-testing";
		};
/* End PBXNativeTarget section */

/* Begin PBXProject section */
		DEE576E01DE29CA900EB1E64 /* Project object */ = {
			isa = PBXProject;
			attributes = {
				LastSwiftUpdateCheck = 0810;
				LastUpgradeCheck = 0810;
				ORGANIZATIONNAME = DBS;
				TargetAttributes = {
					DEE576E71DE29CA900EB1E64 = {
						CreatedOnToolsVersion = 8.1;
						DevelopmentTeam = BKTH9337XB;
						ProvisioningStyle = Automatic;
					};
					DEE576FB1DE29CA900EB1E64 = {
						CreatedOnToolsVersion = 8.1;
						DevelopmentTeam = BKTH9337XB;
						ProvisioningStyle = Automatic;
						TestTargetID = DEE576E71DE29CA900EB1E64;
					};
					DEE577061DE29CA900EB1E64 = {
						CreatedOnToolsVersion = 8.1;
						DevelopmentTeam = BKTH9337XB;
						ProvisioningStyle = Automatic;
						TestTargetID = DEE576E71DE29CA900EB1E64;
					};
				};
			};
			buildConfigurationList = DEE576E31DE29CA900EB1E64 /* Build configuration list for PBXProject "Ooo" */;
			compatibilityVersion = "Xcode 3.2";
			developmentRegion = English;
			hasScannedForEncodings = 0;
			knownRegions = (
				en,
				Base,
			);
			mainGroup = DEE576DF1DE29CA900EB1E64;
			productRefGroup = DEE576E91DE29CA900EB1E64 /* Products */;
			projectDirPath = "";
			projectRoot = "";
			targets = (
				DEE576E71DE29CA900EB1E64 /* Ooo */,
				DEE576FB1DE29CA900EB1E64 /* OooTests */,
				DEE577061DE29CA900EB1E64 /* OooUITests */,
			);
		};
/* End PBXProject section */

/* Begin PBXResourcesBuildPhase section */
		DEE576E61DE29CA900EB1E64 /* Resources */ = {
			isa = PBXResourcesBuildPhase;
			buildActionMask = 2147483647;
			files = (
				DE42035D1DF94485003AF403 /* CountryTableViewCell.xib in Resources */,
				DE4203161DE6DF43003AF403 /* SecondVC.xib in Resources */,
				DE4202D41DE6C7DD003AF403 /* WedgetView.xib in Resources */,
				DEE5771C1DE2ACAC00EB1E64 /* LeftTableViewCell.xib in Resources */,
				DEE576F61DE29CA900EB1E64 /* LaunchScreen.storyboard in Resources */,
				DE4202CC1DE59915003AF403 /* SegmentedView.xib in Resources */,
				DEE576F31DE29CA900EB1E64 /* Assets.xcassets in Resources */,
				DEE576F11DE29CA900EB1E64 /* Main.storyboard in Resources */,
			);
			runOnlyForDeploymentPostprocessing = 0;
		};
		DEE576FA1DE29CA900EB1E64 /* Resources */ = {
			isa = PBXResourcesBuildPhase;
			buildActionMask = 2147483647;
			files = (
			);
			runOnlyForDeploymentPostprocessing = 0;
		};
		DEE577051DE29CA900EB1E64 /* Resources */ = {
			isa = PBXResourcesBuildPhase;
			buildActionMask = 2147483647;
			files = (
			);
			runOnlyForDeploymentPostprocessing = 0;
		};
/* End PBXResourcesBuildPhase section */

/* Begin PBXSourcesBuildPhase section */
		DEE576E41DE29CA900EB1E64 /* Sources */ = {
			isa = PBXSourcesBuildPhase;
			buildActionMask = 2147483647;
			files = (
				DE4202D21DE6AC3C003AF403 /* OooExtension.swift in Sources */,
				DEE576EE1DE29CA900EB1E64 /* ViewController.swift in Sources */,
				DE4203151DE6DF43003AF403 /* SecondVC.swift in Sources */,
				DE4202CE1DE59931003AF403 /* SegmentedView.swift in Sources */,
				DE42035C1DF94485003AF403 /* CountryTableViewCell.swift in Sources */,
				DE151E241ED961C800F41AC7 /* WedgetUtils.swift in Sources */,
				DE4203561DF93611003AF403 /* PresentVC.swift in Sources */,
				DE4203591DF93C5C003AF403 /* NewVC.swift in Sources */,
				DE151E221ED95C9900F41AC7 /* ActionsheetButton.swift in Sources */,
				DEE5771B1DE2ACAC00EB1E64 /* LeftTableViewCell.swift in Sources */,
				DE4202D61DE6C7FB003AF403 /* WedgetView.swift in Sources */,
				DEE576EC1DE29CA900EB1E64 /* AppDelegate.swift in Sources */,
			);
			runOnlyForDeploymentPostprocessing = 0;
		};
		DEE576F81DE29CA900EB1E64 /* Sources */ = {
			isa = PBXSourcesBuildPhase;
			buildActionMask = 2147483647;
			files = (
				DEE577011DE29CA900EB1E64 /* OooTests.swift in Sources */,
			);
			runOnlyForDeploymentPostprocessing = 0;
		};
		DEE577031DE29CA900EB1E64 /* Sources */ = {
			isa = PBXSourcesBuildPhase;
			buildActionMask = 2147483647;
			files = (
				DEE5770C1DE29CA900EB1E64 /* OooUITests.swift in Sources */,
			);
			runOnlyForDeploymentPostprocessing = 0;
		};
/* End PBXSourcesBuildPhase section */

/* Begin PBXTargetDependency section */
		DEE576FE1DE29CA900EB1E64 /* PBXTargetDependency */ = {
			isa = PBXTargetDependency;
			target = DEE576E71DE29CA900EB1E64 /* Ooo */;
			targetProxy = DEE576FD1DE29CA900EB1E64 /* PBXContainerItemProxy */;
		};
		DEE577091DE29CA900EB1E64 /* PBXTargetDependency */ = {
			isa = PBXTargetDependency;
			target = DEE576E71DE29CA900EB1E64 /* Ooo */;
			targetProxy = DEE577081DE29CA900EB1E64 /* PBXContainerItemProxy */;
		};
/* End PBXTargetDependency section */

/* Begin PBXVariantGroup section */
		DEE576EF1DE29CA900EB1E64 /* Main.storyboard */ = {
			isa = PBXVariantGroup;
			children = (
				DEE576F01DE29CA900EB1E64 /* Base */,
			);
			name = Main.storyboard;
			sourceTree = "<group>";
		};
		DEE576F41DE29CA900EB1E64 /* LaunchScreen.storyboard */ = {
			isa = PBXVariantGroup;
			children = (
				DEE576F51DE29CA900EB1E64 /* Base */,
			);
			name = LaunchScreen.storyboard;
			sourceTree = "<group>";
		};
/* End PBXVariantGroup section */

/* Begin XCBuildConfiguration section */
		DEE5770E1DE29CA900EB1E64 /* Debug */ = {
			isa = XCBuildConfiguration;
			buildSettings = {
				ALWAYS_SEARCH_USER_PATHS = NO;
				CLANG_ANALYZER_NONNULL = YES;
				CLANG_CXX_LANGUAGE_STANDARD = "gnu++0x";
				CLANG_CXX_LIBRARY = "libc++";
				CLANG_ENABLE_MODULES = YES;
				CLANG_ENABLE_OBJC_ARC = YES;
				CLANG_WARN_BOOL_CONVERSION = YES;
				CLANG_WARN_CONSTANT_CONVERSION = YES;
				CLANG_WARN_DIRECT_OBJC_ISA_USAGE = YES_ERROR;
				CLANG_WARN_DOCUMENTATION_COMMENTS = YES;
				CLANG_WARN_EMPTY_BODY = YES;
				CLANG_WARN_ENUM_CONVERSION = YES;
				CLANG_WARN_INFINITE_RECURSION = YES;
				CLANG_WARN_INT_CONVERSION = YES;
				CLANG_WARN_OBJC_ROOT_CLASS = YES_ERROR;
				CLANG_WARN_SUSPICIOUS_MOVES = YES;
				CLANG_WARN_UNREACHABLE_CODE = YES;
				CLANG_WARN__DUPLICATE_METHOD_MATCH = YES;
				"CODE_SIGN_IDENTITY[sdk=iphoneos*]" = "iPhone Developer";
				COPY_PHASE_STRIP = NO;
				DEBUG_INFORMATION_FORMAT = dwarf;
				ENABLE_STRICT_OBJC_MSGSEND = YES;
				ENABLE_TESTABILITY = YES;
				GCC_C_LANGUAGE_STANDARD = gnu99;
				GCC_DYNAMIC_NO_PIC = NO;
				GCC_NO_COMMON_BLOCKS = YES;
				GCC_OPTIMIZATION_LEVEL = 0;
				GCC_PREPROCESSOR_DEFINITIONS = (
					"DEBUG=1",
					"$(inherited)",
				);
				GCC_WARN_64_TO_32_BIT_CONVERSION = YES;
				GCC_WARN_ABOUT_RETURN_TYPE = YES_ERROR;
				GCC_WARN_UNDECLARED_SELECTOR = YES;
				GCC_WARN_UNINITIALIZED_AUTOS = YES_AGGRESSIVE;
				GCC_WARN_UNUSED_FUNCTION = YES;
				GCC_WARN_UNUSED_VARIABLE = YES;
				IPHONEOS_DEPLOYMENT_TARGET = 10.1;
				MTL_ENABLE_DEBUG_INFO = YES;
				ONLY_ACTIVE_ARCH = YES;
				SDKROOT = iphoneos;
				SWIFT_ACTIVE_COMPILATION_CONDITIONS = DEBUG;
				SWIFT_OPTIMIZATION_LEVEL = "-Onone";
				TARGETED_DEVICE_FAMILY = 2;
			};
			name = Debug;
		};
		DEE5770F1DE29CA900EB1E64 /* Release */ = {
			isa = XCBuildConfiguration;
			buildSettings = {
				ALWAYS_SEARCH_USER_PATHS = NO;
				CLANG_ANALYZER_NONNULL = YES;
				CLANG_CXX_LANGUAGE_STANDARD = "gnu++0x";
				CLANG_CXX_LIBRARY = "libc++";
				CLANG_ENABLE_MODULES = YES;
				CLANG_ENABLE_OBJC_ARC = YES;
				CLANG_WARN_BOOL_CONVERSION = YES;
				CLANG_WARN_CONSTANT_CONVERSION = YES;
				CLANG_WARN_DIRECT_OBJC_ISA_USAGE = YES_ERROR;
				CLANG_WARN_DOCUMENTATION_COMMENTS = YES;
				CLANG_WARN_EMPTY_BODY = YES;
				CLANG_WARN_ENUM_CONVERSION = YES;
				CLANG_WARN_INFINITE_RECURSION = YES;
				CLANG_WARN_INT_CONVERSION = YES;
				CLANG_WARN_OBJC_ROOT_CLASS = YES_ERROR;
				CLANG_WARN_SUSPICIOUS_MOVES = YES;
				CLANG_WARN_UNREACHABLE_CODE = YES;
				CLANG_WARN__DUPLICATE_METHOD_MATCH = YES;
				"CODE_SIGN_IDENTITY[sdk=iphoneos*]" = "iPhone Developer";
				COPY_PHASE_STRIP = NO;
				DEBUG_INFORMATION_FORMAT = "dwarf-with-dsym";
				ENABLE_NS_ASSERTIONS = NO;
				ENABLE_STRICT_OBJC_MSGSEND = YES;
				GCC_C_LANGUAGE_STANDARD = gnu99;
				GCC_NO_COMMON_BLOCKS = YES;
				GCC_WARN_64_TO_32_BIT_CONVERSION = YES;
				GCC_WARN_ABOUT_RETURN_TYPE = YES_ERROR;
				GCC_WARN_UNDECLARED_SELECTOR = YES;
				GCC_WARN_UNINITIALIZED_AUTOS = YES_AGGRESSIVE;
				GCC_WARN_UNUSED_FUNCTION = YES;
				GCC_WARN_UNUSED_VARIABLE = YES;
				IPHONEOS_DEPLOYMENT_TARGET = 10.1;
				MTL_ENABLE_DEBUG_INFO = NO;
				SDKROOT = iphoneos;
				SWIFT_OPTIMIZATION_LEVEL = "-Owholemodule";
				TARGETED_DEVICE_FAMILY = 2;
				VALIDATE_PRODUCT = YES;
			};
			name = Release;
		};
		DEE577111DE29CA900EB1E64 /* Debug */ = {
			isa = XCBuildConfiguration;
			buildSettings = {
				ASSETCATALOG_COMPILER_APPICON_NAME = AppIcon;
				ASSETCATALOG_COMPILER_LAUNCHIMAGE_NAME = LaunchImage;
				DEVELOPMENT_TEAM = BKTH9337XB;
				INFOPLIST_FILE = Ooo/Info.plist;
				IPHONEOS_DEPLOYMENT_TARGET = 9.0;
				LD_RUNPATH_SEARCH_PATHS = "$(inherited) @executable_path/Frameworks";
				PRODUCT_BUNDLE_IDENTIFIER = com.dbs.Ooo;
				PRODUCT_NAME = "$(TARGET_NAME)";
				SWIFT_VERSION = 2.3;
			};
			name = Debug;
		};
		DEE577121DE29CA900EB1E64 /* Release */ = {
			isa = XCBuildConfiguration;
			buildSettings = {
				ASSETCATALOG_COMPILER_APPICON_NAME = AppIcon;
				ASSETCATALOG_COMPILER_LAUNCHIMAGE_NAME = LaunchImage;
				DEVELOPMENT_TEAM = BKTH9337XB;
				INFOPLIST_FILE = Ooo/Info.plist;
				IPHONEOS_DEPLOYMENT_TARGET = 9.0;
				LD_RUNPATH_SEARCH_PATHS = "$(inherited) @executable_path/Frameworks";
				PRODUCT_BUNDLE_IDENTIFIER = com.dbs.Ooo;
				PRODUCT_NAME = "$(TARGET_NAME)";
				SWIFT_VERSION = 2.3;
			};
			name = Release;
		};
		DEE577141DE29CA900EB1E64 /* Debug */ = {
			isa = XCBuildConfiguration;
			buildSettings = {
				ALWAYS_EMBED_SWIFT_STANDARD_LIBRARIES = YES;
				BUNDLE_LOADER = "$(TEST_HOST)";
				DEVELOPMENT_TEAM = BKTH9337XB;
				INFOPLIST_FILE = OooTests/Info.plist;
				LD_RUNPATH_SEARCH_PATHS = "$(inherited) @executable_path/Frameworks @loader_path/Frameworks";
				PRODUCT_BUNDLE_IDENTIFIER = com.dbs.OooTests;
				PRODUCT_NAME = "$(TARGET_NAME)";
				SWIFT_VERSION = 3.0;
				TEST_HOST = "$(BUILT_PRODUCTS_DIR)/Ooo.app/Ooo";
			};
			name = Debug;
		};
		DEE577151DE29CA900EB1E64 /* Release */ = {
			isa = XCBuildConfiguration;
			buildSettings = {
				ALWAYS_EMBED_SWIFT_STANDARD_LIBRARIES = YES;
				BUNDLE_LOADER = "$(TEST_HOST)";
				DEVELOPMENT_TEAM = BKTH9337XB;
				INFOPLIST_FILE = OooTests/Info.plist;
				LD_RUNPATH_SEARCH_PATHS = "$(inherited) @executable_path/Frameworks @loader_path/Frameworks";
				PRODUCT_BUNDLE_IDENTIFIER = com.dbs.OooTests;
				PRODUCT_NAME = "$(TARGET_NAME)";
				SWIFT_VERSION = 3.0;
				TEST_HOST = "$(BUILT_PRODUCTS_DIR)/Ooo.app/Ooo";
			};
			name = Release;
		};
		DEE577171DE29CA900EB1E64 /* Debug */ = {
			isa = XCBuildConfiguration;
			buildSettings = {
				ALWAYS_EMBED_SWIFT_STANDARD_LIBRARIES = YES;
				DEVELOPMENT_TEAM = BKTH9337XB;
				INFOPLIST_FILE = OooUITests/Info.plist;
				LD_RUNPATH_SEARCH_PATHS = "$(inherited) @executable_path/Frameworks @loader_path/Frameworks";
				PRODUCT_BUNDLE_IDENTIFIER = com.dbs.OooUITests;
				PRODUCT_NAME = "$(TARGET_NAME)";
				SWIFT_VERSION = 3.0;
				TEST_TARGET_NAME = Ooo;
			};
			name = Debug;
		};
		DEE577181DE29CA900EB1E64 /* Release */ = {
			isa = XCBuildConfiguration;
			buildSettings = {
				ALWAYS_EMBED_SWIFT_STANDARD_LIBRARIES = YES;
				DEVELOPMENT_TEAM = BKTH9337XB;
				INFOPLIST_FILE = OooUITests/Info.plist;
				LD_RUNPATH_SEARCH_PATHS = "$(inherited) @executable_path/Frameworks @loader_path/Frameworks";
				PRODUCT_BUNDLE_IDENTIFIER = com.dbs.OooUITests;
				PRODUCT_NAME = "$(TARGET_NAME)";
				SWIFT_VERSION = 3.0;
				TEST_TARGET_NAME = Ooo;
			};
			name = Release;
		};
/* End XCBuildConfiguration section */

/* Begin XCConfigurationList section */
		DEE576E31DE29CA900EB1E64 /* Build configuration list for PBXProject "Ooo" */ = {
			isa = XCConfigurationList;
			buildConfigurations = (
				DEE5770E1DE29CA900EB1E64 /* Debug */,
				DEE5770F1DE29CA900EB1E64 /* Release */,
			);
			defaultConfigurationIsVisible = 0;
			defaultConfigurationName = Release;
		};
		DEE577101DE29CA900EB1E64 /* Build configuration list for PBXNativeTarget "Ooo" */ = {
			isa = XCConfigurationList;
			buildConfigurations = (
				DEE577111DE29CA900EB1E64 /* Debug */,
				DEE577121DE29CA900EB1E64 /* Release */,
			);
			defaultConfigurationIsVisible = 0;
			defaultConfigurationName = Release;
		};
		DEE577131DE29CA900EB1E64 /* Build configuration list for PBXNativeTarget "OooTests" */ = {
			isa = XCConfigurationList;
			buildConfigurations = (
				DEE577141DE29CA900EB1E64 /* Debug */,
				DEE577151DE29CA900EB1E64 /* Release */,
			);
			defaultConfigurationIsVisible = 0;
			defaultConfigurationName = Release;
		};
		DEE577161DE29CA900EB1E64 /* Build configuration list for PBXNativeTarget "OooUITests" */ = {
			isa = XCConfigurationList;
			buildConfigurations = (
				DEE577171DE29CA900EB1E64 /* Debug */,
				DEE577181DE29CA900EB1E64 /* Release */,
			);
			defaultConfigurationIsVisible = 0;
			defaultConfigurationName = Release;
		};
/* End XCConfigurationList section */
	};
	rootObject = DEE576E01DE29CA900EB1E64 /* Project object */;
}
